
Microsoft Visual Studio Solution File, Format Version 12.00
# Visual Studio Version 16
VisualStudioVersion = 25.0.1705.6
MinimumVisualStudioVersion = 10.0.40219.1
Project("{FAE04EC0-301F-11D3-BF4B-00C04F79EFBC}") = "WebAPI", "WEBAPI\WebAPI.csproj", "{7B4DBF3B-B302-41C7-811F-421763F8B311}"
EndProject
Project("{FAE04EC0-301F-11D3-BF4B-00C04F79EFBC}") = "WebAPI.Domain", "WEBAPI.Domain\WebAPI.Domain.csproj", "{D09807CA-0AFD-4EAA-A34F-35DDD77A85C5}"
EndProject
Global
	GlobalSection(SolutionConfigurationPlatforms) = preSolution
		Debug|Any CPU = Debug|Any CPU
		Release|Any CPU = Release|Any CPU
	EndGlobalSection
	GlobalSection(ProjectConfigurationPlatforms) = postSolution
		{7B4DBF3B-B302-41C7-811F-421763F8B311}.Debug|Any CPU.ActiveCfg = Debug|Any CPU
		{7B4DBF3B-B302-41C7-811F-421763F8B311}.Debug|Any CPU.Build.0 = Debug|Any CPU
		{7B4DBF3B-B302-41C7-811F-421763F8B311}.Release|Any CPU.ActiveCfg = Release|Any CPU
		{7B4DBF3B-B302-41C7-811F-421763F8B311}.Release|Any CPU.Build.0 = Release|Any CPU
		{D09807CA-0AFD-4EAA-A34F-35DDD77A85C5}.Debug|Any CPU.ActiveCfg = Debug|Any CPU
		{D09807CA-0AFD-4EAA-A34F-35DDD77A85C5}.Debug|Any CPU.Build.0 = Debug|Any CPU
		{D09807CA-0AFD-4EAA-A34F-35DDD77A85C5}.Release|Any CPU.ActiveCfg = Release|Any CPU
		{D09807CA-0AFD-4EAA-A34F-35DDD77A85C5}.Release|Any CPU.Build.0 = Release|Any CPU
	EndGlobalSection
	GlobalSection(SolutionProperties) = preSolution
		HideSolutionNode = FALSE
	EndGlobalSection
	GlobalSection(ExtensibilityGlobals) = postSolution
		SolutionGuid = {F15F251C-9761-4435-83BB-C0AD14EFDE74}
	EndGlobalSection
EndGlobal
